
Microsoft Visual Studio Solution File, Format Version 12.00
# Visual Studio Version 17
VisualStudioVersion = 17.1.32319.34
MinimumVisualStudioVersion = 10.0.40219.1
Project("{FAE04EC0-301F-11D3-BF4B-00C04F79EFBC}") = "OverviewIdentity", "OverviewIdentity\OverviewIdentity.csproj", "{7B4F532C-58B1-438C-88DC-D085B707D3D6}"
EndProject
Global
	GlobalSection(SolutionConfigurationPlatforms) = preSolution
		Debug|Any CPU = Debug|Any CPU
		Release|Any CPU = Release|Any CPU
	EndGlobalSection
	GlobalSection(ProjectConfigurationPlatforms) = postSolution
		{7B4F532C-58B1-438C-88DC-D085B707D3D6}.Debug|Any CPU.ActiveCfg = Debug|Any CPU
		{7B4F532C-58B1-438C-88DC-D085B707D3D6}.Debug|Any CPU.Build.0 = Debug|Any CPU
		{7B4F532C-58B1-438C-88DC-D085B707D3D6}.Release|Any CPU.ActiveCfg = Release|Any CPU
		{7B4F532C-58B1-438C-88DC-D085B707D3D6}.Release|Any CPU.Build.0 = Release|Any CPU
	EndGlobalSection
	GlobalSection(SolutionProperties) = preSolution
		HideSolutionNode = FALSE
	EndGlobalSection
	GlobalSection(ExtensibilityGlobals) = postSolution
		SolutionGuid = {A758D406-41A7-4E03-97D9-EC37AAF358A1}
	EndGlobalSection
EndGlobal
